// !$*UTF8*$!
{
	archiveVersion = 1;
	classes = {
	};
	objectVersion = 77;
	objects = {

/* Begin PBXContainerItemProxy section */
		099024EE2D6E9031002D868B /* PBXContainerItemProxy */ = {
			isa = PBXContainerItemProxy;
			containerPortal = 099024CF2D6E9030002D868B /* Project object */;
			proxyType = 1;
			remoteGlobalIDString = 099024D62D6E9030002D868B;
			remoteInfo = clippo;
		};
		099024F82D6E9031002D868B /* PBXContainerItemProxy */ = {
			isa = PBXContainerItemProxy;
			containerPortal = 099024CF2D6E9030002D868B /* Project object */;
			proxyType = 1;
			remoteGlobalIDString = 099024D62D6E9030002D868B;
			remoteInfo = clippo;
		};
/* End PBXContainerItemProxy section */

/* Begin PBXFileReference section */
		099024D72D6E9030002D868B /* clippo.app */ = {isa = PBXFileReference; explicitFileType = wrapper.application; includeInIndex = 0; path = clippo.app; sourceTree = BUILT_PRODUCTS_DIR; };
		099024ED2D6E9031002D868B /* clippoTests.xctest */ = {isa = PBXFileReference; explicitFileType = wrapper.cfbundle; includeInIndex = 0; path = clippoTests.xctest; sourceTree = BUILT_PRODUCTS_DIR; };
		099024F72D6E9031002D868B /* clippoUITests.xctest */ = {isa = PBXFileReference; explicitFileType = wrapper.cfbundle; includeInIndex = 0; path = clippoUITests.xctest; sourceTree = BUILT_PRODUCTS_DIR; };
/* End PBXFileReference section */

/* Begin PBXFileSystemSynchronizedRootGroup section */
		099024D92D6E9030002D868B /* clippo */ = {
			isa = PBXFileSystemSynchronizedRootGroup;
			path = clippo;
			sourceTree = "<group>";
		};
		099024F02D6E9031002D868B /* clippoTests */ = {
			isa = PBXFileSystemSynchronizedRootGroup;
			path = clippoTests;
			sourceTree = "<group>";
		};
		099024FA2D6E9031002D868B /* clippoUITests */ = {
			isa = PBXFileSystemSynchronizedRootGroup;
			path = clippoUITests;
			sourceTree = "<group>";
		};
/* End PBXFileSystemSynchronizedRootGroup section */

/* Begin PBXFrameworksBuildPhase section */
		099024D42D6E9030002D868B /* Frameworks */ = {
			isa = PBXFrameworksBuildPhase;
			buildActionMask = 2147483647;
			files = (
			);
			runOnlyForDeploymentPostprocessing = 0;
		};
		099024EA2D6E9031002D868B /* Frameworks */ = {
			isa = PBXFrameworksBuildPhase;
			buildActionMask = 2147483647;
			files = (
			);
			runOnlyForDeploymentPostprocessing = 0;
		};
		099024F42D6E9031002D868B /* Frameworks */ = {
			isa = PBXFrameworksBuildPhase;
			buildActionMask = 2147483647;
			files = (
			);
			runOnlyForDeploymentPostprocessing = 0;
		};
/* End PBXFrameworksBuildPhase section */

/* Begin PBXGroup section */
		099024CE2D6E9030002D868B = {
			isa = PBXGroup;
			children = (
				099024D92D6E9030002D868B /* clippo */,
				099024F02D6E9031002D868B /* clippoTests */,
				099024FA2D6E9031002D868B /* clippoUITests */,
				099024D82D6E9030002D868B /* Products */,
			);
			sourceTree = "<group>";
		};
		099024D82D6E9030002D868B /* Products */ = {
			isa = PBXGroup;
			children = (
				099024D72D6E9030002D868B /* clippo.app */,
				099024ED2D6E9031002D868B /* clippoTests.xctest */,
				099024F72D6E9031002D868B /* clippoUITests.xctest */,
			);
			name = Products;
			sourceTree = "<group>";
		};
/* End PBXGroup section */

/* Begin PBXNativeTarget section */
		099024D62D6E9030002D868B /* clippo */ = {
			isa = PBXNativeTarget;
			buildConfigurationList = 099025012D6E9031002D868B /* Build configuration list for PBXNativeTarget "clippo" */;
			buildPhases = (
				099024D32D6E9030002D868B /* Sources */,
				099024D42D6E9030002D868B /* Frameworks */,
				099024D52D6E9030002D868B /* Resources */,
			);
			buildRules = (
			);
			dependencies = (
			);
			fileSystemSynchronizedGroups = (
				099024D92D6E9030002D868B /* clippo */,
			);
			name = clippo;
			packageProductDependencies = (
			);
			productName = clippo;
			productReference = 099024D72D6E9030002D868B /* clippo.app */;
			productType = "com.apple.product-type.application";
		};
		099024EC2D6E9031002D868B /* clippoTests */ = {
			isa = PBXNativeTarget;
			buildConfigurationList = 099025042D6E9031002D868B /* Build configuration list for PBXNativeTarget "clippoTests" */;
			buildPhases = (
				099024E92D6E9031002D868B /* Sources */,
				099024EA2D6E9031002D868B /* Frameworks */,
				099024EB2D6E9031002D868B /* Resources */,
			);
			buildRules = (
			);
			dependencies = (
				099024EF2D6E9031002D868B /* PBXTargetDependency */,
			);
			fileSystemSynchronizedGroups = (
				099024F02D6E9031002D868B /* clippoTests */,
			);
			name = clippoTests;
			packageProductDependencies = (
			);
			productName = clippoTests;
			productReference = 099024ED2D6E9031002D868B /* clippoTests.xctest */;
			productType = "com.apple.product-type.bundle.unit-test";
		};
		099024F62D6E9031002D868B /* clippoUITests */ = {
			isa = PBXNativeTarget;
			buildConfigurationList = 099025072D6E9031002D868B /* Build configuration list for PBXNativeTarget "clippoUITests" */;
			buildPhases = (
				099024F32D6E9031002D868B /* Sources */,
				099024F42D6E9031002D868B /* Frameworks */,
				099024F52D6E9031002D868B /* Resources */,
			);
			buildRules = (
			);
			dependencies = (
				099024F92D6E9031002D868B /* PBXTargetDependency */,
			);
			fileSystemSynchronizedGroups = (
				099024FA2D6E9031002D868B /* clippoUITests */,
			);
			name = clippoUITests;
			packageProductDependencies = (
			);
			productName = clippoUITests;
			productReference = 099024F72D6E9031002D868B /* clippoUITests.xctest */;
			productType = "com.apple.product-type.bundle.ui-testing";
		};
/* End PBXNativeTarget section */

/* Begin PBXProject section */
		099024CF2D6E9030002D868B /* Project object */ = {
			isa = PBXProject;
			attributes = {
				BuildIndependentTargetsInParallel = 1;
				LastSwiftUpdateCheck = 1620;
				LastUpgradeCheck = 1620;
				TargetAttributes = {
					099024D62D6E9030002D868B = {
						CreatedOnToolsVersion = 16.2;
					};
					099024EC2D6E9031002D868B = {
						CreatedOnToolsVersion = 16.2;
						TestTargetID = 099024D62D6E9030002D868B;
					};
					099024F62D6E9031002D868B = {
						CreatedOnToolsVersion = 16.2;
						TestTargetID = 099024D62D6E9030002D868B;
					};
				};
			};
			buildConfigurationList = 099024D22D6E9030002D868B /* Build configuration list for PBXProject "clippo" */;
			developmentRegion = en;
			hasScannedForEncodings = 0;
			knownRegions = (
				en,
				Base,
			);
			mainGroup = 099024CE2D6E9030002D868B;
			minimizedProjectReferenceProxies = 1;
			preferredProjectObjectVersion = 77;
			productRefGroup = 099024D82D6E9030002D868B /* Products */;
			projectDirPath = "";
			projectRoot = "";
			targets = (
				099024D62D6E9030002D868B /* clippo */,
				099024EC2D6E9031002D868B /* clippoTests */,
				099024F62D6E9031002D868B /* clippoUITests */,
			);
		};
/* End PBXProject section */

/* Begin PBXResourcesBuildPhase section */
		099024D52D6E9030002D868B /* Resources */ = {
			isa = PBXResourcesBuildPhase;
			buildActionMask = 2147483647;
			files = (
			);
			runOnlyForDeploymentPostprocessing = 0;
		};
		099024EB2D6E9031002D868B /* Resources */ = {
			isa = PBXResourcesBuildPhase;
			buildActionMask = 2147483647;
			files = (
			);
			runOnlyForDeploymentPostprocessing = 0;
		};
		099024F52D6E9031002D868B /* Resources */ = {
			isa = PBXResourcesBuildPhase;
			buildActionMask = 2147483647;
			files = (
			);
			runOnlyForDeploymentPostprocessing = 0;
		};
/* End PBXResourcesBuildPhase section */

/* Begin PBXSourcesBuildPhase section */
		099024D32D6E9030002D868B /* Sources */ = {
			isa = PBXSourcesBuildPhase;
			buildActionMask = 2147483647;
			files = (
			);
			runOnlyForDeploymentPostprocessing = 0;
		};
		099024E92D6E9031002D868B /* Sources */ = {
			isa = PBXSourcesBuildPhase;
			buildActionMask = 2147483647;
			files = (
			);
			runOnlyForDeploymentPostprocessing = 0;
		};
		099024F32D6E9031002D868B /* Sources */ = {
			isa = PBXSourcesBuildPhase;
			buildActionMask = 2147483647;
			files = (
			);
			runOnlyForDeploymentPostprocessing = 0;
		};
/* End PBXSourcesBuildPhase section */

/* Begin PBXTargetDependency section */
		099024EF2D6E9031002D868B /* PBXTargetDependency */ = {
			isa = PBXTargetDependency;
			target = 099024D62D6E9030002D868B /* clippo */;
			targetProxy = 099024EE2D6E9031002D868B /* PBXContainerItemProxy */;
		};
		099024F92D6E9031002D868B /* PBXTargetDependency */ = {
			isa = PBXTargetDependency;
			target = 099024D62D6E9030002D868B /* clippo */;
			targetProxy = 099024F82D6E9031002D868B /* PBXContainerItemProxy */;
		};
/* End PBXTargetDependency section */

/* Begin XCBuildConfiguration section */
		099024FF2D6E9031002D868B /* Debug */ = {
			isa = XCBuildConfiguration;
			buildSettings = {
				ALWAYS_SEARCH_USER_PATHS = NO;
				ASSETCATALOG_COMPILER_GENERATE_SWIFT_ASSET_SYMBOL_EXTENSIONS = YES;
				CLANG_ANALYZER_NONNULL = YES;
				CLANG_ANALYZER_NUMBER_OBJECT_CONVERSION = YES_AGGRESSIVE;
				CLANG_CXX_LANGUAGE_STANDARD = "gnu++20";
				CLANG_ENABLE_MODULES = YES;
				CLANG_ENABLE_OBJC_ARC = YES;
				CLANG_ENABLE_OBJC_WEAK = YES;
				CLANG_WARN_BLOCK_CAPTURE_AUTORELEASING = YES;
				CLANG_WARN_BOOL_CONVERSION = YES;
				CLANG_WARN_COMMA = YES;
				CLANG_WARN_CONSTANT_CONVERSION = YES;
				CLANG_WARN_DEPRECATED_OBJC_IMPLEMENTATIONS = YES;
				CLANG_WARN_DIRECT_OBJC_ISA_USAGE = YES_ERROR;
				CLANG_WARN_DOCUMENTATION_COMMENTS = YES;
				CLANG_WARN_EMPTY_BODY = YES;
				CLANG_WARN_ENUM_CONVERSION = YES;
				CLANG_WARN_INFINITE_RECURSION = YES;
				CLANG_WARN_INT_CONVERSION = YES;
				CLANG_WARN_NON_LITERAL_NULL_CONVERSION = YES;
				CLANG_WARN_OBJC_IMPLICIT_RETAIN_SELF = YES;
				CLANG_WARN_OBJC_LITERAL_CONVERSION = YES;
				CLANG_WARN_OBJC_ROOT_CLASS = YES_ERROR;
				CLANG_WARN_QUOTED_INCLUDE_IN_FRAMEWORK_HEADER = YES;
				CLANG_WARN_RANGE_LOOP_ANALYSIS = YES;
				CLANG_WARN_STRICT_PROTOTYPES = YES;
				CLANG_WARN_SUSPICIOUS_MOVE = YES;
				CLANG_WARN_UNGUARDED_AVAILABILITY = YES_AGGRESSIVE;
				CLANG_WARN_UNREACHABLE_CODE = YES;
				CLANG_WARN__DUPLICATE_METHOD_MATCH = YES;
				COPY_PHASE_STRIP = NO;
				DEBUG_INFORMATION_FORMAT = dwarf;
				ENABLE_STRICT_OBJC_MSGSEND = YES;
				ENABLE_TESTABILITY = YES;
				ENABLE_USER_SCRIPT_SANDBOXING = YES;
				GCC_C_LANGUAGE_STANDARD = gnu17;
				GCC_DYNAMIC_NO_PIC = NO;
				GCC_NO_COMMON_BLOCKS = YES;
				GCC_OPTIMIZATION_LEVEL = 0;
				GCC_PREPROCESSOR_DEFINITIONS = (
					"DEBUG=1",
					"$(inherited)",
				);
				GCC_WARN_64_TO_32_BIT_CONVERSION = YES;
				GCC_WARN_ABOUT_RETURN_TYPE = YES_ERROR;
				GCC_WARN_UNDECLARED_SELECTOR = YES;
				GCC_WARN_UNINITIALIZED_AUTOS = YES_AGGRESSIVE;
				GCC_WARN_UNUSED_FUNCTION = YES;
				GCC_WARN_UNUSED_VARIABLE = YES;
				LOCALIZATION_PREFERS_STRING_CATALOGS = YES;
				MACOSX_DEPLOYMENT_TARGET = 15.2;
				MTL_ENABLE_DEBUG_INFO = INCLUDE_SOURCE;
				MTL_FAST_MATH = YES;
				ONLY_ACTIVE_ARCH = YES;
				SDKROOT = macosx;
				SWIFT_ACTIVE_COMPILATION_CONDITIONS = "DEBUG $(inherited)";
				SWIFT_OPTIMIZATION_LEVEL = "-Onone";
			};
			name = Debug;
		};
		099025002D6E9031002D868B /* Release */ = {
			isa = XCBuildConfiguration;
			buildSettings = {
				ALWAYS_SEARCH_USER_PATHS = NO;
				ASSETCATALOG_COMPILER_GENERATE_SWIFT_ASSET_SYMBOL_EXTENSIONS = YES;
				CLANG_ANALYZER_NONNULL = YES;
				CLANG_ANALYZER_NUMBER_OBJECT_CONVERSION = YES_AGGRESSIVE;
				CLANG_CXX_LANGUAGE_STANDARD = "gnu++20";
				CLANG_ENABLE_MODULES = YES;
				CLANG_ENABLE_OBJC_ARC = YES;
				CLANG_ENABLE_OBJC_WEAK = YES;
				CLANG_WARN_BLOCK_CAPTURE_AUTORELEASING = YES;
				CLANG_WARN_BOOL_CONVERSION = YES;
				CLANG_WARN_COMMA = YES;
				CLANG_WARN_CONSTANT_CONVERSION = YES;
				CLANG_WARN_DEPRECATED_OBJC_IMPLEMENTATIONS = YES;
				CLANG_WARN_DIRECT_OBJC_ISA_USAGE = YES_ERROR;
				CLANG_WARN_DOCUMENTATION_COMMENTS = YES;
				CLANG_WARN_EMPTY_BODY = YES;
				CLANG_WARN_ENUM_CONVERSION = YES;
				CLANG_WARN_INFINITE_RECURSION = YES;
				CLANG_WARN_INT_CONVERSION = YES;
				CLANG_WARN_NON_LITERAL_NULL_CONVERSION = YES;
				CLANG_WARN_OBJC_IMPLICIT_RETAIN_SELF = YES;
				CLANG_WARN_OBJC_LITERAL_CONVERSION = YES;
				CLANG_WARN_OBJC_ROOT_CLASS = YES_ERROR;
				CLANG_WARN_QUOTED_INCLUDE_IN_FRAMEWORK_HEADER = YES;
				CLANG_WARN_RANGE_LOOP_ANALYSIS = YES;
				CLANG_WARN_STRICT_PROTOTYPES = YES;
				CLANG_WARN_SUSPICIOUS_MOVE = YES;
				CLANG_WARN_UNGUARDED_AVAILABILITY = YES_AGGRESSIVE;
				CLANG_WARN_UNREACHABLE_CODE = YES;
				CLANG_WARN__DUPLICATE_METHOD_MATCH = YES;
				COPY_PHASE_STRIP = NO;
				DEBUG_INFORMATION_FORMAT = "dwarf-with-dsym";
				ENABLE_NS_ASSERTIONS = NO;
				ENABLE_STRICT_OBJC_MSGSEND = YES;
				ENABLE_USER_SCRIPT_SANDBOXING = YES;
				GCC_C_LANGUAGE_STANDARD = gnu17;
				GCC_NO_COMMON_BLOCKS = YES;
				GCC_WARN_64_TO_32_BIT_CONVERSION = YES;
				GCC_WARN_ABOUT_RETURN_TYPE = YES_ERROR;
				GCC_WARN_UNDECLARED_SELECTOR = YES;
				GCC_WARN_UNINITIALIZED_AUTOS = YES_AGGRESSIVE;
				GCC_WARN_UNUSED_FUNCTION = YES;
				GCC_WARN_UNUSED_VARIABLE = YES;
				LOCALIZATION_PREFERS_STRING_CATALOGS = YES;
				MACOSX_DEPLOYMENT_TARGET = 15.2;
				MTL_ENABLE_DEBUG_INFO = NO;
				MTL_FAST_MATH = YES;
				SDKROOT = macosx;
				SWIFT_COMPILATION_MODE = wholemodule;
			};
			name = Release;
		};
		099025022D6E9031002D868B /* Debug */ = {
			isa = XCBuildConfiguration;
			buildSettings = {
				ASSETCATALOG_COMPILER_APPICON_NAME = AppIcon;
				ASSETCATALOG_COMPILER_GLOBAL_ACCENT_COLOR_NAME = AccentColor;
				CODE_SIGN_ENTITLEMENTS = clippo/clippo.entitlements;
				CODE_SIGN_STYLE = Automatic;
				COMBINE_HIDPI_IMAGES = YES;
				CURRENT_PROJECT_VERSION = 1;
				DEVELOPMENT_ASSET_PATHS = "\"clippo/Preview Content\"";
				DEVELOPMENT_TEAM = SV7T3PN2UZ;
				ENABLE_HARDENED_RUNTIME = YES;
				ENABLE_PREVIEWS = YES;
				GENERATE_INFOPLIST_FILE = YES;
				INFOPLIST_KEY_NSHumanReadableCopyright = "";
				LD_RUNPATH_SEARCH_PATHS = (
					"$(inherited)",
					"@executable_path/../Frameworks",
				);
				MARKETING_VERSION = 1.0;
				PRODUCT_BUNDLE_IDENTIFIER = com.stucombs.clippo;
				PRODUCT_NAME = "$(TARGET_NAME)";
				SWIFT_EMIT_LOC_STRINGS = YES;
				SWIFT_VERSION = 5.0;
			};
			name = Debug;
		};
		099025032D6E9031002D868B /* Release */ = {
			isa = XCBuildConfiguration;
			buildSettings = {
				ASSETCATALOG_COMPILER_APPICON_NAME = AppIcon;
				ASSETCATALOG_COMPILER_GLOBAL_ACCENT_COLOR_NAME = AccentColor;
				CODE_SIGN_ENTITLEMENTS = clippo/clippo.entitlements;
				CODE_SIGN_STYLE = Automatic;
				COMBINE_HIDPI_IMAGES = YES;
				CURRENT_PROJECT_VERSION = 1;
				DEVELOPMENT_ASSET_PATHS = "\"clippo/Preview Content\"";
				DEVELOPMENT_TEAM = SV7T3PN2UZ;
				ENABLE_HARDENED_RUNTIME = YES;
				ENABLE_PREVIEWS = YES;
				GENERATE_INFOPLIST_FILE = YES;
				INFOPLIST_KEY_NSHumanReadableCopyright = "";
				LD_RUNPATH_SEARCH_PATHS = (
					"$(inherited)",
					"@executable_path/../Frameworks",
				);
				MARKETING_VERSION = 1.0;
				PRODUCT_BUNDLE_IDENTIFIER = com.stucombs.clippo;
				PRODUCT_NAME = "$(TARGET_NAME)";
				SWIFT_EMIT_LOC_STRINGS = YES;
				SWIFT_VERSION = 5.0;
			};
			name = Release;
		};
		099025052D6E9031002D868B /* Debug */ = {
			isa = XCBuildConfiguration;
			buildSettings = {
				BUNDLE_LOADER = "$(TEST_HOST)";
				CODE_SIGN_STYLE = Automatic;
				CURRENT_PROJECT_VERSION = 1;
				DEVELOPMENT_TEAM = SV7T3PN2UZ;
				GENERATE_INFOPLIST_FILE = YES;
				MACOSX_DEPLOYMENT_TARGET = 15.2;
				MARKETING_VERSION = 1.0;
				PRODUCT_BUNDLE_IDENTIFIER = com.stucombs.clippoTests;
				PRODUCT_NAME = "$(TARGET_NAME)";
				SWIFT_EMIT_LOC_STRINGS = NO;
				SWIFT_VERSION = 5.0;
				TEST_HOST = "$(BUILT_PRODUCTS_DIR)/clippo.app/$(BUNDLE_EXECUTABLE_FOLDER_PATH)/clippo";
			};
			name = Debug;
		};
		099025062D6E9031002D868B /* Release */ = {
			isa = XCBuildConfiguration;
			buildSettings = {
				BUNDLE_LOADER = "$(TEST_HOST)";
				CODE_SIGN_STYLE = Automatic;
				CURRENT_PROJECT_VERSION = 1;
				DEVELOPMENT_TEAM = SV7T3PN2UZ;
				GENERATE_INFOPLIST_FILE = YES;
				MACOSX_DEPLOYMENT_TARGET = 15.2;
				MARKETING_VERSION = 1.0;
				PRODUCT_BUNDLE_IDENTIFIER = com.stucombs.clippoTests;
				PRODUCT_NAME = "$(TARGET_NAME)";
				SWIFT_EMIT_LOC_STRINGS = NO;
				SWIFT_VERSION = 5.0;
				TEST_HOST = "$(BUILT_PRODUCTS_DIR)/clippo.app/$(BUNDLE_EXECUTABLE_FOLDER_PATH)/clippo";
			};
			name = Release;
		};
		099025082D6E9031002D868B /* Debug */ = {
			isa = XCBuildConfiguration;
			buildSettings = {
				CODE_SIGN_STYLE = Automatic;
				CURRENT_PROJECT_VERSION = 1;
				DEVELOPMENT_TEAM = SV7T3PN2UZ;
				GENERATE_INFOPLIST_FILE = YES;
				MARKETING_VERSION = 1.0;
				PRODUCT_BUNDLE_IDENTIFIER = com.stucombs.clippoUITests;
				PRODUCT_NAME = "$(TARGET_NAME)";
				SWIFT_EMIT_LOC_STRINGS = NO;
				SWIFT_VERSION = 5.0;
				TEST_TARGET_NAME = clippo;
			};
			name = Debug;
		};
		099025092D6E9031002D868B /* Release */ = {
			isa = XCBuildConfiguration;
			buildSettings = {
				CODE_SIGN_STYLE = Automatic;
				CURRENT_PROJECT_VERSION = 1;
				DEVELOPMENT_TEAM = SV7T3PN2UZ;
				GENERATE_INFOPLIST_FILE = YES;
				MARKETING_VERSION = 1.0;
				PRODUCT_BUNDLE_IDENTIFIER = com.stucombs.clippoUITests;
				PRODUCT_NAME = "$(TARGET_NAME)";
				SWIFT_EMIT_LOC_STRINGS = NO;
				SWIFT_VERSION = 5.0;
				TEST_TARGET_NAME = clippo;
			};
			name = Release;
		};
/* End XCBuildConfiguration section */

/* Begin XCConfigurationList section */
		099024D22D6E9030002D868B /* Build configuration list for PBXProject "clippo" */ = {
			isa = XCConfigurationList;
			buildConfigurations = (
				099024FF2D6E9031002D868B /* Debug */,
				099025002D6E9031002D868B /* Release */,
			);
			defaultConfigurationIsVisible = 0;
			defaultConfigurationName = Release;
		};
		099025012D6E9031002D868B /* Build configuration list for PBXNativeTarget "clippo" */ = {
			isa = XCConfigurationList;
			buildConfigurations = (
				099025022D6E9031002D868B /* Debug */,
				099025032D6E9031002D868B /* Release */,
			);
			defaultConfigurationIsVisible = 0;
			defaultConfigurationName = Release;
		};
		099025042D6E9031002D868B /* Build configuration list for PBXNativeTarget "clippoTests" */ = {
			isa = XCConfigurationList;
			buildConfigurations = (
				099025052D6E9031002D868B /* Debug */,
				099025062D6E9031002D868B /* Release */,
			);
			defaultConfigurationIsVisible = 0;
			defaultConfigurationName = Release;
		};
		099025072D6E9031002D868B /* Build configuration list for PBXNativeTarget "clippoUITests" */ = {
			isa = XCConfigurationList;
			buildConfigurations = (
				099025082D6E9031002D868B /* Debug */,
				099025092D6E9031002D868B /* Release */,
			);
			defaultConfigurationIsVisible = 0;
			defaultConfigurationName = Release;
		};
/* End XCConfigurationList section */
	};
	rootObject = 099024CF2D6E9030002D868B /* Project object */;
}
